
Microsoft Visual Studio Solution File, Format Version 12.00
# Visual Studio Version 17
VisualStudioVersion = 17.14.36310.24
MinimumVisualStudioVersion = 10.0.40219.1
Project("{FAE04EC0-301F-11D3-BF4B-00C04F79EFBC}") = "Alunos", "Alunos\Alunos.csproj", "{7C1E41B6-50AB-4119-B159-18C15D3411C0}"
EndProject
Project("{FAE04EC0-301F-11D3-BF4B-00C04F79EFBC}") = "Alunos.Test", "Alunos.Test\Alunos.Test.csproj", "{8DF8614D-9613-4E03-9AE8-ACF1D45E4654}"
EndProject
Global
	GlobalSection(SolutionConfigurationPlatforms) = preSolution
		Debug|Any CPU = Debug|Any CPU
		Release|Any CPU = Release|Any CPU
	EndGlobalSection
	GlobalSection(ProjectConfigurationPlatforms) = postSolution
		{7C1E41B6-50AB-4119-B159-18C15D3411C0}.Debug|Any CPU.ActiveCfg = Debug|Any CPU
		{7C1E41B6-50AB-4119-B159-18C15D3411C0}.Debug|Any CPU.Build.0 = Debug|Any CPU
		{7C1E41B6-50AB-4119-B159-18C15D3411C0}.Release|Any CPU.ActiveCfg = Release|Any CPU
		{7C1E41B6-50AB-4119-B159-18C15D3411C0}.Release|Any CPU.Build.0 = Release|Any CPU
		{8DF8614D-9613-4E03-9AE8-ACF1D45E4654}.Debug|Any CPU.ActiveCfg = Debug|Any CPU
		{8DF8614D-9613-4E03-9AE8-ACF1D45E4654}.Debug|Any CPU.Build.0 = Debug|Any CPU
		{8DF8614D-9613-4E03-9AE8-ACF1D45E4654}.Release|Any CPU.ActiveCfg = Release|Any CPU
		{8DF8614D-9613-4E03-9AE8-ACF1D45E4654}.Release|Any CPU.Build.0 = Release|Any CPU
	EndGlobalSection
	GlobalSection(SolutionProperties) = preSolution
		HideSolutionNode = FALSE
	EndGlobalSection
	GlobalSection(ExtensibilityGlobals) = postSolution
		SolutionGuid = {6C745C71-CDC4-4780-A93A-CBCE09790FE0}
	EndGlobalSection
EndGlobal
